// !$*UTF8*$!
{
	archiveVersion = 1;
	classes = {
	};
	objectVersion = 46;
	objects = {

/* Begin PBXBuildFile section */
		D1411CB91E16CEA000284D13 /* AppDelegate.swift in Sources */ = {isa = PBXBuildFile; fileRef = D1411CB81E16CEA000284D13 /* AppDelegate.swift */; };
		D1411CBB1E16CEA000284D13 /* ViewController.swift in Sources */ = {isa = PBXBuildFile; fileRef = D1411CBA1E16CEA000284D13 /* ViewController.swift */; };
		D1411CBE1E16CEA000284D13 /* Main.storyboard in Resources */ = {isa = PBXBuildFile; fileRef = D1411CBC1E16CEA000284D13 /* Main.storyboard */; };
		D1411CC01E16CEA000284D13 /* Assets.xcassets in Resources */ = {isa = PBXBuildFile; fileRef = D1411CBF1E16CEA000284D13 /* Assets.xcassets */; };
		D1411CC31E16CEA000284D13 /* LaunchScreen.storyboard in Resources */ = {isa = PBXBuildFile; fileRef = D1411CC11E16CEA000284D13 /* LaunchScreen.storyboard */; };
		D1411CCE1E16CEA000284D13 /* TappxFrameworkDemoTests.swift in Sources */ = {isa = PBXBuildFile; fileRef = D1411CCD1E16CEA000284D13 /* TappxFrameworkDemoTests.swift */; };
		D1DEB8601E16D90300E49FAE /* TappxFramework.framework in Frameworks */ = {isa = PBXBuildFile; fileRef = D1DEB85F1E16D90300E49FAE /* TappxFramework.framework */; };
		D1DEB8621E16D99100E49FAE /* TestAdapter.swift in Sources */ = {isa = PBXBuildFile; fileRef = D1DEB8611E16D99100E49FAE /* TestAdapter.swift */; };
/* End PBXBuildFile section */

/* Begin PBXContainerItemProxy section */
		D1411CCA1E16CEA000284D13 /* PBXContainerItemProxy */ = {
			isa = PBXContainerItemProxy;
			containerPortal = D1411CAD1E16CEA000284D13 /* Project object */;
			proxyType = 1;
			remoteGlobalIDString = D1411CB41E16CEA000284D13;
			remoteInfo = TappxFrameworkDemo;
		};
/* End PBXContainerItemProxy section */

/* Begin PBXFileReference section */
		D1411CB51E16CEA000284D13 /* TappxFrameworkDemo.app */ = {isa = PBXFileReference; explicitFileType = wrapper.application; includeInIndex = 0; path = TappxFrameworkDemo.app; sourceTree = BUILT_PRODUCTS_DIR; };
		D1411CB81E16CEA000284D13 /* AppDelegate.swift */ = {isa = PBXFileReference; lastKnownFileType = sourcecode.swift; path = AppDelegate.swift; sourceTree = "<group>"; };
		D1411CBA1E16CEA000284D13 /* ViewController.swift */ = {isa = PBXFileReference; lastKnownFileType = sourcecode.swift; path = ViewController.swift; sourceTree = "<group>"; };
		D1411CBD1E16CEA000284D13 /* Base */ = {isa = PBXFileReference; lastKnownFileType = file.storyboard; name = Base; path = Base.lproj/Main.storyboard; sourceTree = "<group>"; };
		D1411CBF1E16CEA000284D13 /* Assets.xcassets */ = {isa = PBXFileReference; lastKnownFileType = folder.assetcatalog; path = Assets.xcassets; sourceTree = "<group>"; };
		D1411CC21E16CEA000284D13 /* Base */ = {isa = PBXFileReference; lastKnownFileType = file.storyboard; name = Base; path = Base.lproj/LaunchScreen.storyboard; sourceTree = "<group>"; };
		D1411CC41E16CEA000284D13 /* Info.plist */ = {isa = PBXFileReference; lastKnownFileType = text.plist.xml; path = Info.plist; sourceTree = "<group>"; };
		D1411CC91E16CEA000284D13 /* TappxFrameworkDemoTests.xctest */ = {isa = PBXFileReference; explicitFileType = wrapper.cfbundle; includeInIndex = 0; path = TappxFrameworkDemoTests.xctest; sourceTree = BUILT_PRODUCTS_DIR; };
		D1411CCD1E16CEA000284D13 /* TappxFrameworkDemoTests.swift */ = {isa = PBXFileReference; lastKnownFileType = sourcecode.swift; path = TappxFrameworkDemoTests.swift; sourceTree = "<group>"; };
		D1411CCF1E16CEA000284D13 /* Info.plist */ = {isa = PBXFileReference; lastKnownFileType = text.plist.xml; path = Info.plist; sourceTree = "<group>"; };
		D1DEB85F1E16D90300E49FAE /* TappxFramework.framework */ = {isa = PBXFileReference; lastKnownFileType = wrapper.framework; path = TappxFramework.framework; sourceTree = "<group>"; };
		D1DEB8611E16D99100E49FAE /* TestAdapter.swift */ = {isa = PBXFileReference; fileEncoding = 4; lastKnownFileType = sourcecode.swift; path = TestAdapter.swift; sourceTree = "<group>"; };
/* End PBXFileReference section */

/* Begin PBXFrameworksBuildPhase section */
		D1411CB21E16CEA000284D13 /* Frameworks */ = {
			isa = PBXFrameworksBuildPhase;
			buildActionMask = 2147483647;
			files = (
				D1DEB8601E16D90300E49FAE /* TappxFramework.framework in Frameworks */,
			);
			runOnlyForDeploymentPostprocessing = 0;
		};
		D1411CC61E16CEA000284D13 /* Frameworks */ = {
			isa = PBXFrameworksBuildPhase;
			buildActionMask = 2147483647;
			files = (
			);
			runOnlyForDeploymentPostprocessing = 0;
		};
/* End PBXFrameworksBuildPhase section */

/* Begin PBXGroup section */
		D1411CAC1E16CEA000284D13 = {
			isa = PBXGroup;
			children = (
				D1411CB71E16CEA000284D13 /* TappxFrameworkDemo */,
				D1411CCC1E16CEA000284D13 /* TappxFrameworkDemoTests */,
				D1411CB61E16CEA000284D13 /* Products */,
			);
			sourceTree = "<group>";
		};
		D1411CB61E16CEA000284D13 /* Products */ = {
			isa = PBXGroup;
			children = (
				D1411CB51E16CEA000284D13 /* TappxFrameworkDemo.app */,
				D1411CC91E16CEA000284D13 /* TappxFrameworkDemoTests.xctest */,
			);
			name = Products;
			sourceTree = "<group>";
		};
		D1411CB71E16CEA000284D13 /* TappxFrameworkDemo */ = {
			isa = PBXGroup;
			children = (
				D1411CD81E16CEB900284D13 /* Frameworks */,
				D1411CB81E16CEA000284D13 /* AppDelegate.swift */,
				D1411CBA1E16CEA000284D13 /* ViewController.swift */,
				D1411CBC1E16CEA000284D13 /* Main.storyboard */,
				D1411CBF1E16CEA000284D13 /* Assets.xcassets */,
				D1411CC11E16CEA000284D13 /* LaunchScreen.storyboard */,
				D1411CC41E16CEA000284D13 /* Info.plist */,
				D1DEB8611E16D99100E49FAE /* TestAdapter.swift */,
			);
			path = TappxFrameworkDemo;
			sourceTree = "<group>";
		};
		D1411CCC1E16CEA000284D13 /* TappxFrameworkDemoTests */ = {
			isa = PBXGroup;
			children = (
				D1411CCD1E16CEA000284D13 /* TappxFrameworkDemoTests.swift */,
				D1411CCF1E16CEA000284D13 /* Info.plist */,
			);
			path = TappxFrameworkDemoTests;
			sourceTree = "<group>";
		};
		D1411CD81E16CEB900284D13 /* Frameworks */ = {
			isa = PBXGroup;
			children = (
				D1DEB85F1E16D90300E49FAE /* TappxFramework.framework */,
			);
			name = Frameworks;
			sourceTree = "<group>";
		};
/* End PBXGroup section */

/* Begin PBXNativeTarget section */
		D1411CB41E16CEA000284D13 /* TappxFrameworkDemo */ = {
			isa = PBXNativeTarget;
			buildConfigurationList = D1411CD21E16CEA000284D13 /* Build configuration list for PBXNativeTarget "TappxFrameworkDemo" */;
			buildPhases = (
				D1411CB11E16CEA000284D13 /* Sources */,
				D1411CB21E16CEA000284D13 /* Frameworks */,
				D1411CB31E16CEA000284D13 /* Resources */,
			);
			buildRules = (
			);
			dependencies = (
			);
			name = TappxFrameworkDemo;
			productName = TappxFrameworkDemo;
			productReference = D1411CB51E16CEA000284D13 /* TappxFrameworkDemo.app */;
			productType = "com.apple.product-type.application";
		};
		D1411CC81E16CEA000284D13 /* TappxFrameworkDemoTests */ = {
			isa = PBXNativeTarget;
			buildConfigurationList = D1411CD51E16CEA000284D13 /* Build configuration list for PBXNativeTarget "TappxFrameworkDemoTests" */;
			buildPhases = (
				D1411CC51E16CEA000284D13 /* Sources */,
				D1411CC61E16CEA000284D13 /* Frameworks */,
				D1411CC71E16CEA000284D13 /* Resources */,
			);
			buildRules = (
			);
			dependencies = (
				D1411CCB1E16CEA000284D13 /* PBXTargetDependency */,
			);
			name = TappxFrameworkDemoTests;
			productName = TappxFrameworkDemoTests;
			productReference = D1411CC91E16CEA000284D13 /* TappxFrameworkDemoTests.xctest */;
			productType = "com.apple.product-type.bundle.unit-test";
		};
/* End PBXNativeTarget section */

/* Begin PBXProject section */
		D1411CAD1E16CEA000284D13 /* Project object */ = {
			isa = PBXProject;
			attributes = {
				LastSwiftUpdateCheck = 0730;
				LastUpgradeCheck = 0730;
				ORGANIZATIONNAME = 4Crew;
				TargetAttributes = {
					D1411CB41E16CEA000284D13 = {
						CreatedOnToolsVersion = 7.3.1;
					};
					D1411CC81E16CEA000284D13 = {
						CreatedOnToolsVersion = 7.3.1;
						TestTargetID = D1411CB41E16CEA000284D13;
					};
				};
			};
			buildConfigurationList = D1411CB01E16CEA000284D13 /* Build configuration list for PBXProject "TappxFrameworkDemo" */;
			compatibilityVersion = "Xcode 3.2";
			developmentRegion = English;
			hasScannedForEncodings = 0;
			knownRegions = (
				en,
				Base,
			);
			mainGroup = D1411CAC1E16CEA000284D13;
			productRefGroup = D1411CB61E16CEA000284D13 /* Products */;
			projectDirPath = "";
			projectRoot = "";
			targets = (
				D1411CB41E16CEA000284D13 /* TappxFrameworkDemo */,
				D1411CC81E16CEA000284D13 /* TappxFrameworkDemoTests */,
			);
		};
/* End PBXProject section */

/* Begin PBXResourcesBuildPhase section */
		D1411CB31E16CEA000284D13 /* Resources */ = {
			isa = PBXResourcesBuildPhase;
			buildActionMask = 2147483647;
			files = (
				D1411CC31E16CEA000284D13 /* LaunchScreen.storyboard in Resources */,
				D1411CC01E16CEA000284D13 /* Assets.xcassets in Resources */,
				D1411CBE1E16CEA000284D13 /* Main.storyboard in Resources */,
			);
			runOnlyForDeploymentPostprocessing = 0;
		};
		D1411CC71E16CEA000284D13 /* Resources */ = {
			isa = PBXResourcesBuildPhase;
			buildActionMask = 2147483647;
			files = (
			);
			runOnlyForDeploymentPostprocessing = 0;
		};
/* End PBXResourcesBuildPhase section */

/* Begin PBXSourcesBuildPhase section */
		D1411CB11E16CEA000284D13 /* Sources */ = {
			isa = PBXSourcesBuildPhase;
			buildActionMask = 2147483647;
			files = (
				D1411CBB1E16CEA000284D13 /* ViewController.swift in Sources */,
				D1411CB91E16CEA000284D13 /* AppDelegate.swift in Sources */,
				D1DEB8621E16D99100E49FAE /* TestAdapter.swift in Sources */,
			);
			runOnlyForDeploymentPostprocessing = 0;
		};
		D1411CC51E16CEA000284D13 /* Sources */ = {
			isa = PBXSourcesBuildPhase;
			buildActionMask = 2147483647;
			files = (
				D1411CCE1E16CEA000284D13 /* TappxFrameworkDemoTests.swift in Sources */,
			);
			runOnlyForDeploymentPostprocessing = 0;
		};
/* End PBXSourcesBuildPhase section */

/* Begin PBXTargetDependency section */
		D1411CCB1E16CEA000284D13 /* PBXTargetDependency */ = {
			isa = PBXTargetDependency;
			target = D1411CB41E16CEA000284D13 /* TappxFrameworkDemo */;
			targetProxy = D1411CCA1E16CEA000284D13 /* PBXContainerItemProxy */;
		};
/* End PBXTargetDependency section */

/* Begin PBXVariantGroup section */
		D1411CBC1E16CEA000284D13 /* Main.storyboard */ = {
			isa = PBXVariantGroup;
			children = (
				D1411CBD1E16CEA000284D13 /* Base */,
			);
			name = Main.storyboard;
			sourceTree = "<group>";
		};
		D1411CC11E16CEA000284D13 /* LaunchScreen.storyboard */ = {
			isa = PBXVariantGroup;
			children = (
				D1411CC21E16CEA000284D13 /* Base */,
			);
			name = LaunchScreen.storyboard;
			sourceTree = "<group>";
		};
/* End PBXVariantGroup section */

/* Begin XCBuildConfiguration section */
		D1411CD01E16CEA000284D13 /* Debug */ = {
			isa = XCBuildConfiguration;
			buildSettings = {
				ALWAYS_SEARCH_USER_PATHS = NO;
				CLANG_ANALYZER_NONNULL = YES;
				CLANG_CXX_LANGUAGE_STANDARD = "gnu++0x";
				CLANG_CXX_LIBRARY = "libc++";
				CLANG_ENABLE_MODULES = YES;
				CLANG_ENABLE_OBJC_ARC = YES;
				CLANG_WARN_BOOL_CONVERSION = YES;
				CLANG_WARN_CONSTANT_CONVERSION = YES;
				CLANG_WARN_DIRECT_OBJC_ISA_USAGE = YES_ERROR;
				CLANG_WARN_EMPTY_BODY = YES;
				CLANG_WARN_ENUM_CONVERSION = YES;
				CLANG_WARN_INT_CONVERSION = YES;
				CLANG_WARN_OBJC_ROOT_CLASS = YES_ERROR;
				CLANG_WARN_UNREACHABLE_CODE = YES;
				CLANG_WARN__DUPLICATE_METHOD_MATCH = YES;
				"CODE_SIGN_IDENTITY[sdk=iphoneos*]" = "iPhone Developer";
				COPY_PHASE_STRIP = NO;
				DEBUG_INFORMATION_FORMAT = dwarf;
				ENABLE_STRICT_OBJC_MSGSEND = YES;
				ENABLE_TESTABILITY = YES;
				GCC_C_LANGUAGE_STANDARD = gnu99;
				GCC_DYNAMIC_NO_PIC = NO;
				GCC_NO_COMMON_BLOCKS = YES;
				GCC_OPTIMIZATION_LEVEL = 0;
				GCC_PREPROCESSOR_DEFINITIONS = (
					"DEBUG=1",
					"$(inherited)",
				);
				GCC_WARN_64_TO_32_BIT_CONVERSION = YES;
				GCC_WARN_ABOUT_RETURN_TYPE = YES_ERROR;
				GCC_WARN_UNDECLARED_SELECTOR = YES;
				GCC_WARN_UNINITIALIZED_AUTOS = YES_AGGRESSIVE;
				GCC_WARN_UNUSED_FUNCTION = YES;
				GCC_WARN_UNUSED_VARIABLE = YES;
				IPHONEOS_DEPLOYMENT_TARGET = 9.3;
				MTL_ENABLE_DEBUG_INFO = YES;
				ONLY_ACTIVE_ARCH = YES;
				SDKROOT = iphoneos;
				SWIFT_OPTIMIZATION_LEVEL = "-Onone";
				TARGETED_DEVICE_FAMILY = "1,2";
			};
			name = Debug;
		};
		D1411CD11E16CEA000284D13 /* Release */ = {
			isa = XCBuildConfiguration;
			buildSettings = {
				ALWAYS_SEARCH_USER_PATHS = NO;
				CLANG_ANALYZER_NONNULL = YES;
				CLANG_CXX_LANGUAGE_STANDARD = "gnu++0x";
				CLANG_CXX_LIBRARY = "libc++";
				CLANG_ENABLE_MODULES = YES;
				CLANG_ENABLE_OBJC_ARC = YES;
				CLANG_WARN_BOOL_CONVERSION = YES;
				CLANG_WARN_CONSTANT_CONVERSION = YES;
				CLANG_WARN_DIRECT_OBJC_ISA_USAGE = YES_ERROR;
				CLANG_WARN_EMPTY_BODY = YES;
				CLANG_WARN_ENUM_CONVERSION = YES;
				CLANG_WARN_INT_CONVERSION = YES;
				CLANG_WARN_OBJC_ROOT_CLASS = YES_ERROR;
				CLANG_WARN_UNREACHABLE_CODE = YES;
				CLANG_WARN__DUPLICATE_METHOD_MATCH = YES;
				"CODE_SIGN_IDENTITY[sdk=iphoneos*]" = "iPhone Developer";
				COPY_PHASE_STRIP = NO;
				DEBUG_INFORMATION_FORMAT = "dwarf-with-dsym";
				ENABLE_NS_ASSERTIONS = NO;
				ENABLE_STRICT_OBJC_MSGSEND = YES;
				GCC_C_LANGUAGE_STANDARD = gnu99;
				GCC_NO_COMMON_BLOCKS = YES;
				GCC_WARN_64_TO_32_BIT_CONVERSION = YES;
				GCC_WARN_ABOUT_RETURN_TYPE = YES_ERROR;
				GCC_WARN_UNDECLARED_SELECTOR = YES;
				GCC_WARN_UNINITIALIZED_AUTOS = YES_AGGRESSIVE;
				GCC_WARN_UNUSED_FUNCTION = YES;
				GCC_WARN_UNUSED_VARIABLE = YES;
				IPHONEOS_DEPLOYMENT_TARGET = 9.3;
				MTL_ENABLE_DEBUG_INFO = NO;
				SDKROOT = iphoneos;
				TARGETED_DEVICE_FAMILY = "1,2";
				VALIDATE_PRODUCT = YES;
			};
			name = Release;
		};
		D1411CD31E16CEA000284D13 /* Debug */ = {
			isa = XCBuildConfiguration;
			buildSettings = {
				ASSETCATALOG_COMPILER_APPICON_NAME = AppIcon;
				FRAMEWORK_SEARCH_PATHS = (
					"$(inherited)",
					"$(PROJECT_DIR)/TappxFrameworkDemo",
				);
				INFOPLIST_FILE = TappxFrameworkDemo/Info.plist;
				LD_RUNPATH_SEARCH_PATHS = "$(inherited) @executable_path/Frameworks";
				PRODUCT_BUNDLE_IDENTIFIER = com.4crew.sid.TappxFrameworkDemo;
				PRODUCT_NAME = "$(TARGET_NAME)";
			};
			name = Debug;
		};
		D1411CD41E16CEA000284D13 /* Release */ = {
			isa = XCBuildConfiguration;
			buildSettings = {
				ASSETCATALOG_COMPILER_APPICON_NAME = AppIcon;
				FRAMEWORK_SEARCH_PATHS = (
					"$(inherited)",
					"$(PROJECT_DIR)/TappxFrameworkDemo",
				);
				INFOPLIST_FILE = TappxFrameworkDemo/Info.plist;
				LD_RUNPATH_SEARCH_PATHS = "$(inherited) @executable_path/Frameworks";
				PRODUCT_BUNDLE_IDENTIFIER = com.4crew.sid.TappxFrameworkDemo;
				PRODUCT_NAME = "$(TARGET_NAME)";
			};
			name = Release;
		};
		D1411CD61E16CEA000284D13 /* Debug */ = {
			isa = XCBuildConfiguration;
			buildSettings = {
				BUNDLE_LOADER = "$(TEST_HOST)";
				INFOPLIST_FILE = TappxFrameworkDemoTests/Info.plist;
				LD_RUNPATH_SEARCH_PATHS = "$(inherited) @executable_path/Frameworks @loader_path/Frameworks";
				PRODUCT_BUNDLE_IDENTIFIER = com.4crew.sid.TappxFrameworkDemoTests;
				PRODUCT_NAME = "$(TARGET_NAME)";
				TEST_HOST = "$(BUILT_PRODUCTS_DIR)/TappxFrameworkDemo.app/TappxFrameworkDemo";
			};
			name = Debug;
		};
		D1411CD71E16CEA000284D13 /* Release */ = {
			isa = XCBuildConfiguration;
			buildSettings = {
				BUNDLE_LOADER = "$(TEST_HOST)";
				INFOPLIST_FILE = TappxFrameworkDemoTests/Info.plist;
				LD_RUNPATH_SEARCH_PATHS = "$(inherited) @executable_path/Frameworks @loader_path/Frameworks";
				PRODUCT_BUNDLE_IDENTIFIER = com.4crew.sid.TappxFrameworkDemoTests;
				PRODUCT_NAME = "$(TARGET_NAME)";
				TEST_HOST = "$(BUILT_PRODUCTS_DIR)/TappxFrameworkDemo.app/TappxFrameworkDemo";
			};
			name = Release;
		};
/* End XCBuildConfiguration section */

/* Begin XCConfigurationList section */
		D1411CB01E16CEA000284D13 /* Build configuration list for PBXProject "TappxFrameworkDemo" */ = {
			isa = XCConfigurationList;
			buildConfigurations = (
				D1411CD01E16CEA000284D13 /* Debug */,
				D1411CD11E16CEA000284D13 /* Release */,
			);
			defaultConfigurationIsVisible = 0;
			defaultConfigurationName = Release;
		};
		D1411CD21E16CEA000284D13 /* Build configuration list for PBXNativeTarget "TappxFrameworkDemo" */ = {
			isa = XCConfigurationList;
			buildConfigurations = (
				D1411CD31E16CEA000284D13 /* Debug */,
				D1411CD41E16CEA000284D13 /* Release */,
			);
			defaultConfigurationIsVisible = 0;
			defaultConfigurationName = Release;
		};
		D1411CD51E16CEA000284D13 /* Build configuration list for PBXNativeTarget "TappxFrameworkDemoTests" */ = {
			isa = XCConfigurationList;
			buildConfigurations = (
				D1411CD61E16CEA000284D13 /* Debug */,
				D1411CD71E16CEA000284D13 /* Release */,
			);
			defaultConfigurationIsVisible = 0;
			defaultConfigurationName = Release;
		};
/* End XCConfigurationList section */
	};
	rootObject = D1411CAD1E16CEA000284D13 /* Project object */;
}
